// !$*UTF8*$!
{
	archiveVersion = 1;
	classes = {
	};
	objectVersion = 77;
	objects = {

/* Begin PBXBuildFile section */
		5D921D582FE183E200C98C47 /* ShareExtensionIOS.appex in Embed Foundation Extensions */ = {isa = PBXBuildFile; fileRef = 5D921D4E2FE183E200C98C47 /* ShareExtensionIOS.appex */; platformFilter = ios; settings = {ATTRIBUTES = (RemoveHeadersOnCopy, ); }; };
		5D921D612FE187F200C98C47 /* ShlinklyCore in Frameworks */ = {isa = PBXBuildFile; productRef = 5D921D602FE187F200C98C47 /* ShlinklyCore */; };
		5D921DFC2FE18CA800C98C47 /* ShareExtensionMac.appex in Embed Foundation Extensions */ = {isa = PBXBuildFile; fileRef = 5D921DF02FE18CA800C98C47 /* ShareExtensionMac.appex */; platformFilters = (macos, ); settings = {ATTRIBUTES = (RemoveHeadersOnCopy, ); }; };
		5D921E032FE18D6600C98C47 /* ShlinklyCore in Frameworks */ = {isa = PBXBuildFile; productRef = 5D921E022FE18D6600C98C47 /* ShlinklyCore */; };
		5DB943AD2FDA0E87000E5E11 /* ShlinklyCore in Frameworks */ = {isa = PBXBuildFile; productRef = 5DB943AC2FDA0E87000E5E11 /* ShlinklyCore */; };
		5DC0FFEE0000000000000002 /* ShareCreateView.swift in Sources */ = {isa = PBXBuildFile; fileRef = 5DC0FFEE0000000000000001 /* ShareCreateView.swift */; };
		5DC0FFEE0000000000000003 /* ShareCreateView.swift in Sources */ = {isa = PBXBuildFile; fileRef = 5DC0FFEE0000000000000001 /* ShareCreateView.swift */; };
/* End PBXBuildFile section */

/* Begin PBXContainerItemProxy section */
		5D921D562FE183E200C98C47 /* PBXContainerItemProxy */ = {
			isa = PBXContainerItemProxy;
			containerPortal = 5D30606E2FDA043400B01249 /* Project object */;
			proxyType = 1;
			remoteGlobalIDString = 5D921D4D2FE183E200C98C47;
			remoteInfo = ShareExtensionIOS;
		};
		5D921DFA2FE18CA800C98C47 /* PBXContainerItemProxy */ = {
			isa = PBXContainerItemProxy;
			containerPortal = 5D30606E2FDA043400B01249 /* Project object */;
			proxyType = 1;
			remoteGlobalIDString = 5D921DEF2FE18CA800C98C47;
			remoteInfo = ShareExtensionMac;
		};
/* End PBXContainerItemProxy section */

/* Begin PBXCopyFilesBuildPhase section */
		5D921D592FE183E200C98C47 /* Embed Foundation Extensions */ = {
			isa = PBXCopyFilesBuildPhase;
			buildActionMask = 2147483647;
			dstPath = "";
			dstSubfolderSpec = 13;
			files = (
				5D921DFC2FE18CA800C98C47 /* ShareExtensionMac.appex in Embed Foundation Extensions */,
				5D921D582FE183E200C98C47 /* ShareExtensionIOS.appex in Embed Foundation Extensions */,
			);
			name = "Embed Foundation Extensions";
			runOnlyForDeploymentPostprocessing = 0;
		};
/* End PBXCopyFilesBuildPhase section */

/* Begin PBXFileReference section */
		5D3060762FDA043400B01249 /* Shlinkly.app */ = {isa = PBXFileReference; explicitFileType = wrapper.application; includeInIndex = 0; path = Shlinkly.app; sourceTree = BUILT_PRODUCTS_DIR; };
		5D921D4E2FE183E200C98C47 /* ShareExtensionIOS.appex */ = {isa = PBXFileReference; explicitFileType = "wrapper.app-extension"; includeInIndex = 0; path = ShareExtensionIOS.appex; sourceTree = BUILT_PRODUCTS_DIR; };
		5D921DF02FE18CA800C98C47 /* ShareExtensionMac.appex */ = {isa = PBXFileReference; explicitFileType = "wrapper.app-extension"; includeInIndex = 0; path = ShareExtensionMac.appex; sourceTree = BUILT_PRODUCTS_DIR; };
		5DC0FFEE0000000000000001 /* ShareCreateView.swift */ = {isa = PBXFileReference; lastKnownFileType = sourcecode.swift; path = ShareCreateView.swift; sourceTree = "<group>"; };
/* End PBXFileReference section */

/* Begin PBXFileSystemSynchronizedBuildFileExceptionSet section */
		5D921D5C2FE183E200C98C47 /* Exceptions for "ShareExtensionIOS" folder in "ShareExtensionIOS" target */ = {
			isa = PBXFileSystemSynchronizedBuildFileExceptionSet;
			membershipExceptions = (
				Info.plist,
			);
			target = 5D921D4D2FE183E200C98C47 /* ShareExtensionIOS */;
		};
		5D921DFF2FE18CA800C98C47 /* Exceptions for "ShareExtensionMac" folder in "ShareExtensionMac" target */ = {
			isa = PBXFileSystemSynchronizedBuildFileExceptionSet;
			membershipExceptions = (
				Info.plist,
			);
			target = 5D921DEF2FE18CA800C98C47 /* ShareExtensionMac */;
		};
/* End PBXFileSystemSynchronizedBuildFileExceptionSet section */

/* Begin PBXFileSystemSynchronizedRootGroup section */
		5D3060782FDA043400B01249 /* Shlinkly */ = {
			isa = PBXFileSystemSynchronizedRootGroup;
			path = Shlinkly;
			sourceTree = "<group>";
		};
		5D921D4F2FE183E200C98C47 /* ShareExtensionIOS */ = {
			isa = PBXFileSystemSynchronizedRootGroup;
			exceptions = (
				5D921D5C2FE183E200C98C47 /* Exceptions for "ShareExtensionIOS" folder in "ShareExtensionIOS" target */,
			);
			path = ShareExtensionIOS;
			sourceTree = "<group>";
		};
		5D921DF12FE18CA800C98C47 /* ShareExtensionMac */ = {
			isa = PBXFileSystemSynchronizedRootGroup;
			exceptions = (
				5D921DFF2FE18CA800C98C47 /* Exceptions for "ShareExtensionMac" folder in "ShareExtensionMac" target */,
			);
			path = ShareExtensionMac;
			sourceTree = "<group>";
		};
/* End PBXFileSystemSynchronizedRootGroup section */

/* Begin PBXFrameworksBuildPhase section */
		5D3060732FDA043400B01249 /* Frameworks */ = {
			isa = PBXFrameworksBuildPhase;
			buildActionMask = 2147483647;
			files = (
				5DB943AD2FDA0E87000E5E11 /* ShlinklyCore in Frameworks */,
			);
			runOnlyForDeploymentPostprocessing = 0;
		};
		5D921D4B2FE183E200C98C47 /* Frameworks */ = {
			isa = PBXFrameworksBuildPhase;
			buildActionMask = 2147483647;
			files = (
				5D921D612FE187F200C98C47 /* ShlinklyCore in Frameworks */,
			);
			runOnlyForDeploymentPostprocessing = 0;
		};
		5D921DED2FE18CA800C98C47 /* Frameworks */ = {
			isa = PBXFrameworksBuildPhase;
			buildActionMask = 2147483647;
			files = (
				5D921E032FE18D6600C98C47 /* ShlinklyCore in Frameworks */,
			);
			runOnlyForDeploymentPostprocessing = 0;
		};
/* End PBXFrameworksBuildPhase section */

/* Begin PBXGroup section */
		5D30606D2FDA043400B01249 = {
			isa = PBXGroup;
			children = (
				5D3060782FDA043400B01249 /* Shlinkly */,
				5D921D4F2FE183E200C98C47 /* ShareExtensionIOS */,
				5D921DF12FE18CA800C98C47 /* ShareExtensionMac */,
				5DC0FFEE0000000000000004 /* ShareUI */,
				5D921D5F2FE187F200C98C47 /* Frameworks */,
				5D3060772FDA043400B01249 /* Products */,
			);
			sourceTree = "<group>";
		};
		5DC0FFEE0000000000000004 /* ShareUI */ = {
			isa = PBXGroup;
			children = (
				5DC0FFEE0000000000000001 /* ShareCreateView.swift */,
			);
			path = ShareUI;
			sourceTree = "<group>";
		};
		5D3060772FDA043400B01249 /* Products */ = {
			isa = PBXGroup;
			children = (
				5D3060762FDA043400B01249 /* Shlinkly.app */,
				5D921D4E2FE183E200C98C47 /* ShareExtensionIOS.appex */,
				5D921DF02FE18CA800C98C47 /* ShareExtensionMac.appex */,
			);
			name = Products;
			sourceTree = "<group>";
		};
		5D921D5F2FE187F200C98C47 /* Frameworks */ = {
			isa = PBXGroup;
			children = (
			);
			name = Frameworks;
			sourceTree = "<group>";
		};
/* End PBXGroup section */

/* Begin PBXNativeTarget section */
		5D3060752FDA043400B01249 /* Shlinkly */ = {
			isa = PBXNativeTarget;
			buildConfigurationList = 5D3060812FDA043600B01249 /* Build configuration list for PBXNativeTarget "Shlinkly" */;
			buildPhases = (
				5D3060722FDA043400B01249 /* Sources */,
				5D3060732FDA043400B01249 /* Frameworks */,
				5D3060742FDA043400B01249 /* Resources */,
				5D921D592FE183E200C98C47 /* Embed Foundation Extensions */,
			);
			buildRules = (
			);
			dependencies = (
				5D921D572FE183E200C98C47 /* PBXTargetDependency */,
				5D921DFB2FE18CA800C98C47 /* PBXTargetDependency */,
			);
			fileSystemSynchronizedGroups = (
				5D3060782FDA043400B01249 /* Shlinkly */,
			);
			name = Shlinkly;
			packageProductDependencies = (
				5DB943AC2FDA0E87000E5E11 /* ShlinklyCore */,
			);
			productName = Shlinkly;
			productReference = 5D3060762FDA043400B01249 /* Shlinkly.app */;
			productType = "com.apple.product-type.application";
		};
		5D921D4D2FE183E200C98C47 /* ShareExtensionIOS */ = {
			isa = PBXNativeTarget;
			buildConfigurationList = 5D921D5D2FE183E200C98C47 /* Build configuration list for PBXNativeTarget "ShareExtensionIOS" */;
			buildPhases = (
				5D921D4A2FE183E200C98C47 /* Sources */,
				5D921D4B2FE183E200C98C47 /* Frameworks */,
				5D921D4C2FE183E200C98C47 /* Resources */,
			);
			buildRules = (
			);
			dependencies = (
			);
			fileSystemSynchronizedGroups = (
				5D921D4F2FE183E200C98C47 /* ShareExtensionIOS */,
			);
			name = ShareExtensionIOS;
			packageProductDependencies = (
				5D921D602FE187F200C98C47 /* ShlinklyCore */,
			);
			productName = ShareExtensionIOS;
			productReference = 5D921D4E2FE183E200C98C47 /* ShareExtensionIOS.appex */;
			productType = "com.apple.product-type.app-extension";
		};
		5D921DEF2FE18CA800C98C47 /* ShareExtensionMac */ = {
			isa = PBXNativeTarget;
			buildConfigurationList = 5D921E002FE18CA800C98C47 /* Build configuration list for PBXNativeTarget "ShareExtensionMac" */;
			buildPhases = (
				5D921DEC2FE18CA800C98C47 /* Sources */,
				5D921DED2FE18CA800C98C47 /* Frameworks */,
				5D921DEE2FE18CA800C98C47 /* Resources */,
			);
			buildRules = (
			);
			dependencies = (
			);
			fileSystemSynchronizedGroups = (
				5D921DF12FE18CA800C98C47 /* ShareExtensionMac */,
			);
			name = ShareExtensionMac;
			packageProductDependencies = (
				5D921E022FE18D6600C98C47 /* ShlinklyCore */,
			);
			productName = ShareExtensionMac;
			productReference = 5D921DF02FE18CA800C98C47 /* ShareExtensionMac.appex */;
			productType = "com.apple.product-type.app-extension";
		};
/* End PBXNativeTarget section */

/* Begin PBXProject section */
		5D30606E2FDA043400B01249 /* Project object */ = {
			isa = PBXProject;
			attributes = {
				BuildIndependentTargetsInParallel = 1;
				LastSwiftUpdateCheck = 2650;
				LastUpgradeCheck = 2650;
				TargetAttributes = {
					5D3060752FDA043400B01249 = {
						CreatedOnToolsVersion = 26.5;
					};
					5D921D4D2FE183E200C98C47 = {
						CreatedOnToolsVersion = 26.5;
					};
					5D921DEF2FE18CA800C98C47 = {
						CreatedOnToolsVersion = 26.5;
					};
				};
			};
			buildConfigurationList = 5D3060712FDA043400B01249 /* Build configuration list for PBXProject "Shlinkly" */;
			developmentRegion = en;
			hasScannedForEncodings = 0;
			knownRegions = (
				en,
				Base,
			);
			mainGroup = 5D30606D2FDA043400B01249;
			minimizedProjectReferenceProxies = 1;
			packageReferences = (
				5DB943AB2FDA0E87000E5E11 /* XCLocalSwiftPackageReference "ShlinklyCore" */,
			);
			preferredProjectObjectVersion = 77;
			productRefGroup = 5D3060772FDA043400B01249 /* Products */;
			projectDirPath = "";
			projectRoot = "";
			targets = (
				5D3060752FDA043400B01249 /* Shlinkly */,
				5D921D4D2FE183E200C98C47 /* ShareExtensionIOS */,
				5D921DEF2FE18CA800C98C47 /* ShareExtensionMac */,
			);
		};
/* End PBXProject section */

/* Begin PBXResourcesBuildPhase section */
		5D3060742FDA043400B01249 /* Resources */ = {
			isa = PBXResourcesBuildPhase;
			buildActionMask = 2147483647;
			files = (
			);
			runOnlyForDeploymentPostprocessing = 0;
		};
		5D921D4C2FE183E200C98C47 /* Resources */ = {
			isa = PBXResourcesBuildPhase;
			buildActionMask = 2147483647;
			files = (
			);
			runOnlyForDeploymentPostprocessing = 0;
		};
		5D921DEE2FE18CA800C98C47 /* Resources */ = {
			isa = PBXResourcesBuildPhase;
			buildActionMask = 2147483647;
			files = (
			);
			runOnlyForDeploymentPostprocessing = 0;
		};
/* End PBXResourcesBuildPhase section */

/* Begin PBXSourcesBuildPhase section */
		5D3060722FDA043400B01249 /* Sources */ = {
			isa = PBXSourcesBuildPhase;
			buildActionMask = 2147483647;
			files = (
			);
			runOnlyForDeploymentPostprocessing = 0;
		};
		5D921D4A2FE183E200C98C47 /* Sources */ = {
			isa = PBXSourcesBuildPhase;
			buildActionMask = 2147483647;
			files = (
				5DC0FFEE0000000000000002 /* ShareCreateView.swift in Sources */,
			);
			runOnlyForDeploymentPostprocessing = 0;
		};
		5D921DEC2FE18CA800C98C47 /* Sources */ = {
			isa = PBXSourcesBuildPhase;
			buildActionMask = 2147483647;
			files = (
				5DC0FFEE0000000000000003 /* ShareCreateView.swift in Sources */,
			);
			runOnlyForDeploymentPostprocessing = 0;
		};
/* End PBXSourcesBuildPhase section */

/* Begin PBXTargetDependency section */
		5D921D572FE183E200C98C47 /* PBXTargetDependency */ = {
			isa = PBXTargetDependency;
			platformFilter = ios;
			target = 5D921D4D2FE183E200C98C47 /* ShareExtensionIOS */;
			targetProxy = 5D921D562FE183E200C98C47 /* PBXContainerItemProxy */;
		};
		5D921DFB2FE18CA800C98C47 /* PBXTargetDependency */ = {
			isa = PBXTargetDependency;
			platformFilters = (
				macos,
			);
			target = 5D921DEF2FE18CA800C98C47 /* ShareExtensionMac */;
			targetProxy = 5D921DFA2FE18CA800C98C47 /* PBXContainerItemProxy */;
		};
/* End PBXTargetDependency section */

/* Begin XCBuildConfiguration section */
		5D30607F2FDA043600B01249 /* Debug */ = {
			isa = XCBuildConfiguration;
			buildSettings = {
				ALWAYS_SEARCH_USER_PATHS = NO;
				ASSETCATALOG_COMPILER_GENERATE_SWIFT_ASSET_SYMBOL_EXTENSIONS = YES;
				CLANG_ANALYZER_NONNULL = YES;
				CLANG_ANALYZER_NUMBER_OBJECT_CONVERSION = YES_AGGRESSIVE;
				CLANG_CXX_LANGUAGE_STANDARD = "gnu++20";
				CLANG_ENABLE_MODULES = YES;
				CLANG_ENABLE_OBJC_ARC = YES;
				CLANG_ENABLE_OBJC_WEAK = YES;
				CLANG_WARN_BLOCK_CAPTURE_AUTORELEASING = YES;
				CLANG_WARN_BOOL_CONVERSION = YES;
				CLANG_WARN_COMMA = YES;
				CLANG_WARN_CONSTANT_CONVERSION = YES;
				CLANG_WARN_DEPRECATED_OBJC_IMPLEMENTATIONS = YES;
				CLANG_WARN_DIRECT_OBJC_ISA_USAGE = YES_ERROR;
				CLANG_WARN_DOCUMENTATION_COMMENTS = YES;
				CLANG_WARN_EMPTY_BODY = YES;
				CLANG_WARN_ENUM_CONVERSION = YES;
				CLANG_WARN_INFINITE_RECURSION = YES;
				CLANG_WARN_INT_CONVERSION = YES;
				CLANG_WARN_NON_LITERAL_NULL_CONVERSION = YES;
				CLANG_WARN_OBJC_IMPLICIT_RETAIN_SELF = YES;
				CLANG_WARN_OBJC_LITERAL_CONVERSION = YES;
				CLANG_WARN_OBJC_ROOT_CLASS = YES_ERROR;
				CLANG_WARN_QUOTED_INCLUDE_IN_FRAMEWORK_HEADER = YES;
				CLANG_WARN_RANGE_LOOP_ANALYSIS = YES;
				CLANG_WARN_STRICT_PROTOTYPES = YES;
				CLANG_WARN_SUSPICIOUS_MOVE = YES;
				CLANG_WARN_UNGUARDED_AVAILABILITY = YES_AGGRESSIVE;
				CLANG_WARN_UNREACHABLE_CODE = YES;
				CLANG_WARN__DUPLICATE_METHOD_MATCH = YES;
				COPY_PHASE_STRIP = NO;
				DEBUG_INFORMATION_FORMAT = dwarf;
				ENABLE_STRICT_OBJC_MSGSEND = YES;
				ENABLE_TESTABILITY = YES;
				ENABLE_USER_SCRIPT_SANDBOXING = YES;
				GCC_C_LANGUAGE_STANDARD = gnu17;
				GCC_DYNAMIC_NO_PIC = NO;
				GCC_NO_COMMON_BLOCKS = YES;
				GCC_OPTIMIZATION_LEVEL = 0;
				GCC_PREPROCESSOR_DEFINITIONS = (
					"DEBUG=1",
					"$(inherited)",
				);
				GCC_WARN_64_TO_32_BIT_CONVERSION = YES;
				GCC_WARN_ABOUT_RETURN_TYPE = YES_ERROR;
				GCC_WARN_UNDECLARED_SELECTOR = YES;
				GCC_WARN_UNINITIALIZED_AUTOS = YES_AGGRESSIVE;
				GCC_WARN_UNUSED_FUNCTION = YES;
				GCC_WARN_UNUSED_VARIABLE = YES;
				LOCALIZATION_PREFERS_STRING_CATALOGS = YES;
				MTL_ENABLE_DEBUG_INFO = INCLUDE_SOURCE;
				MTL_FAST_MATH = YES;
				ONLY_ACTIVE_ARCH = YES;
				SWIFT_ACTIVE_COMPILATION_CONDITIONS = "DEBUG $(inherited)";
				SWIFT_OPTIMIZATION_LEVEL = "-Onone";
			};
			name = Debug;
		};
		5D3060802FDA043600B01249 /* Release */ = {
			isa = XCBuildConfiguration;
			buildSettings = {
				ALWAYS_SEARCH_USER_PATHS = NO;
				ASSETCATALOG_COMPILER_GENERATE_SWIFT_ASSET_SYMBOL_EXTENSIONS = YES;
				CLANG_ANALYZER_NONNULL = YES;
				CLANG_ANALYZER_NUMBER_OBJECT_CONVERSION = YES_AGGRESSIVE;
				CLANG_CXX_LANGUAGE_STANDARD = "gnu++20";
				CLANG_ENABLE_MODULES = YES;
				CLANG_ENABLE_OBJC_ARC = YES;
				CLANG_ENABLE_OBJC_WEAK = YES;
				CLANG_WARN_BLOCK_CAPTURE_AUTORELEASING = YES;
				CLANG_WARN_BOOL_CONVERSION = YES;
				CLANG_WARN_COMMA = YES;
				CLANG_WARN_CONSTANT_CONVERSION = YES;
				CLANG_WARN_DEPRECATED_OBJC_IMPLEMENTATIONS = YES;
				CLANG_WARN_DIRECT_OBJC_ISA_USAGE = YES_ERROR;
				CLANG_WARN_DOCUMENTATION_COMMENTS = YES;
				CLANG_WARN_EMPTY_BODY = YES;
				CLANG_WARN_ENUM_CONVERSION = YES;
				CLANG_WARN_INFINITE_RECURSION = YES;
				CLANG_WARN_INT_CONVERSION = YES;
				CLANG_WARN_NON_LITERAL_NULL_CONVERSION = YES;
				CLANG_WARN_OBJC_IMPLICIT_RETAIN_SELF = YES;
				CLANG_WARN_OBJC_LITERAL_CONVERSION = YES;
				CLANG_WARN_OBJC_ROOT_CLASS = YES_ERROR;
				CLANG_WARN_QUOTED_INCLUDE_IN_FRAMEWORK_HEADER = YES;
				CLANG_WARN_RANGE_LOOP_ANALYSIS = YES;
				CLANG_WARN_STRICT_PROTOTYPES = YES;
				CLANG_WARN_SUSPICIOUS_MOVE = YES;
				CLANG_WARN_UNGUARDED_AVAILABILITY = YES_AGGRESSIVE;
				CLANG_WARN_UNREACHABLE_CODE = YES;
				CLANG_WARN__DUPLICATE_METHOD_MATCH = YES;
				COPY_PHASE_STRIP = NO;
				DEBUG_INFORMATION_FORMAT = "dwarf-with-dsym";
				ENABLE_NS_ASSERTIONS = NO;
				ENABLE_STRICT_OBJC_MSGSEND = YES;
				ENABLE_USER_SCRIPT_SANDBOXING = YES;
				GCC_C_LANGUAGE_STANDARD = gnu17;
				GCC_NO_COMMON_BLOCKS = YES;
				GCC_WARN_64_TO_32_BIT_CONVERSION = YES;
				GCC_WARN_ABOUT_RETURN_TYPE = YES_ERROR;
				GCC_WARN_UNDECLARED_SELECTOR = YES;
				GCC_WARN_UNINITIALIZED_AUTOS = YES_AGGRESSIVE;
				GCC_WARN_UNUSED_FUNCTION = YES;
				GCC_WARN_UNUSED_VARIABLE = YES;
				LOCALIZATION_PREFERS_STRING_CATALOGS = YES;
				MTL_ENABLE_DEBUG_INFO = NO;
				MTL_FAST_MATH = YES;
				SWIFT_COMPILATION_MODE = wholemodule;
			};
			name = Release;
		};
		5D3060822FDA043600B01249 /* Debug */ = {
			isa = XCBuildConfiguration;
			buildSettings = {
				ASSETCATALOG_COMPILER_APPICON_NAME = AppIcon;
				ASSETCATALOG_COMPILER_GLOBAL_ACCENT_COLOR_NAME = AccentColor;
				CODE_SIGN_ENTITLEMENTS = Shlinkly/Shlinkly.entitlements;
				CODE_SIGN_STYLE = Automatic;
				CURRENT_PROJECT_VERSION = 2;
				DEVELOPMENT_TEAM = U28AHSTDJ3;
				ENABLE_APP_SANDBOX = YES;
				ENABLE_OUTGOING_NETWORK_CONNECTIONS = YES;
				ENABLE_PREVIEWS = YES;
				ENABLE_USER_SELECTED_FILES = readonly;
				GENERATE_INFOPLIST_FILE = YES;
				INFOPLIST_KEY_ITSAppUsesNonExemptEncryption = NO;
				INFOPLIST_KEY_LSApplicationCategoryType = "public.app-category.productivity";
				"INFOPLIST_KEY_UIApplicationSceneManifest_Generation[sdk=iphoneos*]" = YES;
				"INFOPLIST_KEY_UIApplicationSceneManifest_Generation[sdk=iphonesimulator*]" = YES;
				"INFOPLIST_KEY_UIApplicationSupportsIndirectInputEvents[sdk=iphoneos*]" = YES;
				"INFOPLIST_KEY_UIApplicationSupportsIndirectInputEvents[sdk=iphonesimulator*]" = YES;
				"INFOPLIST_KEY_UILaunchScreen_Generation[sdk=iphoneos*]" = YES;
				"INFOPLIST_KEY_UILaunchScreen_Generation[sdk=iphonesimulator*]" = YES;
				"INFOPLIST_KEY_UIStatusBarStyle[sdk=iphoneos*]" = UIStatusBarStyleDefault;
				"INFOPLIST_KEY_UIStatusBarStyle[sdk=iphonesimulator*]" = UIStatusBarStyleDefault;
				INFOPLIST_KEY_UISupportedInterfaceOrientations_iPad = "UIInterfaceOrientationPortrait UIInterfaceOrientationPortraitUpsideDown UIInterfaceOrientationLandscapeLeft UIInterfaceOrientationLandscapeRight";
				INFOPLIST_KEY_UISupportedInterfaceOrientations_iPhone = "UIInterfaceOrientationPortrait UIInterfaceOrientationLandscapeLeft UIInterfaceOrientationLandscapeRight";
				IPHONEOS_DEPLOYMENT_TARGET = 17.6;
				LD_RUNPATH_SEARCH_PATHS = "@executable_path/Frameworks";
				"LD_RUNPATH_SEARCH_PATHS[sdk=macosx*]" = "@executable_path/../Frameworks";
				MACOSX_DEPLOYMENT_TARGET = 14.6;
				MARKETING_VERSION = 1.1;
				PRODUCT_BUNDLE_IDENTIFIER = de.ahodge.Shlinkly;
				PRODUCT_NAME = "$(TARGET_NAME)";
				REGISTER_APP_GROUPS = YES;
				SDKROOT = auto;
				STRING_CATALOG_GENERATE_SYMBOLS = YES;
				SUPPORTED_PLATFORMS = "iphoneos iphonesimulator macosx";
				SWIFT_APPROACHABLE_CONCURRENCY = YES;
				SWIFT_DEFAULT_ACTOR_ISOLATION = MainActor;
				SWIFT_EMIT_LOC_STRINGS = YES;
				SWIFT_UPCOMING_FEATURE_MEMBER_IMPORT_VISIBILITY = YES;
				SWIFT_VERSION = 5.0;
				TARGETED_DEVICE_FAMILY = "1,2";
			};
			name = Debug;
		};
		5D3060832FDA043600B01249 /* Release */ = {
			isa = XCBuildConfiguration;
			buildSettings = {
				ASSETCATALOG_COMPILER_APPICON_NAME = AppIcon;
				ASSETCATALOG_COMPILER_GLOBAL_ACCENT_COLOR_NAME = AccentColor;
				CODE_SIGN_ENTITLEMENTS = Shlinkly/Shlinkly.entitlements;
				CODE_SIGN_STYLE = Automatic;
				CURRENT_PROJECT_VERSION = 2;
				DEVELOPMENT_TEAM = U28AHSTDJ3;
				ENABLE_APP_SANDBOX = YES;
				ENABLE_OUTGOING_NETWORK_CONNECTIONS = YES;
				ENABLE_PREVIEWS = YES;
				ENABLE_USER_SELECTED_FILES = readonly;
				GENERATE_INFOPLIST_FILE = YES;
				INFOPLIST_KEY_ITSAppUsesNonExemptEncryption = NO;
				INFOPLIST_KEY_LSApplicationCategoryType = "public.app-category.productivity";
				"INFOPLIST_KEY_UIApplicationSceneManifest_Generation[sdk=iphoneos*]" = YES;
				"INFOPLIST_KEY_UIApplicationSceneManifest_Generation[sdk=iphonesimulator*]" = YES;
				"INFOPLIST_KEY_UIApplicationSupportsIndirectInputEvents[sdk=iphoneos*]" = YES;
				"INFOPLIST_KEY_UIApplicationSupportsIndirectInputEvents[sdk=iphonesimulator*]" = YES;
				"INFOPLIST_KEY_UILaunchScreen_Generation[sdk=iphoneos*]" = YES;
				"INFOPLIST_KEY_UILaunchScreen_Generation[sdk=iphonesimulator*]" = YES;
				"INFOPLIST_KEY_UIStatusBarStyle[sdk=iphoneos*]" = UIStatusBarStyleDefault;
				"INFOPLIST_KEY_UIStatusBarStyle[sdk=iphonesimulator*]" = UIStatusBarStyleDefault;
				INFOPLIST_KEY_UISupportedInterfaceOrientations_iPad = "UIInterfaceOrientationPortrait UIInterfaceOrientationPortraitUpsideDown UIInterfaceOrientationLandscapeLeft UIInterfaceOrientationLandscapeRight";
				INFOPLIST_KEY_UISupportedInterfaceOrientations_iPhone = "UIInterfaceOrientationPortrait UIInterfaceOrientationLandscapeLeft UIInterfaceOrientationLandscapeRight";
				IPHONEOS_DEPLOYMENT_TARGET = 17.6;
				LD_RUNPATH_SEARCH_PATHS = "@executable_path/Frameworks";
				"LD_RUNPATH_SEARCH_PATHS[sdk=macosx*]" = "@executable_path/../Frameworks";
				MACOSX_DEPLOYMENT_TARGET = 14.6;
				MARKETING_VERSION = 1.1;
				PRODUCT_BUNDLE_IDENTIFIER = de.ahodge.Shlinkly;
				PRODUCT_NAME = "$(TARGET_NAME)";
				REGISTER_APP_GROUPS = YES;
				SDKROOT = auto;
				STRING_CATALOG_GENERATE_SYMBOLS = YES;
				SUPPORTED_PLATFORMS = "iphoneos iphonesimulator macosx";
				SWIFT_APPROACHABLE_CONCURRENCY = YES;
				SWIFT_DEFAULT_ACTOR_ISOLATION = MainActor;
				SWIFT_EMIT_LOC_STRINGS = YES;
				SWIFT_UPCOMING_FEATURE_MEMBER_IMPORT_VISIBILITY = YES;
				SWIFT_VERSION = 5.0;
				TARGETED_DEVICE_FAMILY = "1,2";
			};
			name = Release;
		};
		5D921D5A2FE183E200C98C47 /* Debug */ = {
			isa = XCBuildConfiguration;
			buildSettings = {
				CODE_SIGN_ENTITLEMENTS = ShareExtensionIOS/ShareExtensionIOS.entitlements;
				CODE_SIGN_STYLE = Automatic;
				CURRENT_PROJECT_VERSION = 1;
				DEVELOPMENT_TEAM = U28AHSTDJ3;
				GENERATE_INFOPLIST_FILE = YES;
				INFOPLIST_FILE = ShareExtensionIOS/Info.plist;
				INFOPLIST_KEY_CFBundleDisplayName = Shlinkly;
				INFOPLIST_KEY_NSHumanReadableCopyright = "";
				IPHONEOS_DEPLOYMENT_TARGET = 17.6;
				LD_RUNPATH_SEARCH_PATHS = (
					"$(inherited)",
					"@executable_path/Frameworks",
					"@executable_path/../../Frameworks",
				);
				MARKETING_VERSION = 1.0;
				PRODUCT_BUNDLE_IDENTIFIER = de.ahodge.Shlinkly.ShareExtensionIOS;
				PRODUCT_NAME = "$(TARGET_NAME)";
				SDKROOT = iphoneos;
				SKIP_INSTALL = YES;
				STRING_CATALOG_GENERATE_SYMBOLS = YES;
				SUPPORTED_PLATFORMS = "iphoneos iphonesimulator";
				SUPPORTS_MACCATALYST = NO;
				SUPPORTS_MAC_DESIGNED_FOR_IPHONE_IPAD = NO;
				SUPPORTS_XR_DESIGNED_FOR_IPHONE_IPAD = NO;
				SWIFT_APPROACHABLE_CONCURRENCY = YES;
				SWIFT_EMIT_LOC_STRINGS = YES;
				SWIFT_UPCOMING_FEATURE_MEMBER_IMPORT_VISIBILITY = YES;
				SWIFT_VERSION = 5.0;
				TARGETED_DEVICE_FAMILY = "1,2";
			};
			name = Debug;
		};
		5D921D5B2FE183E200C98C47 /* Release */ = {
			isa = XCBuildConfiguration;
			buildSettings = {
				CODE_SIGN_ENTITLEMENTS = ShareExtensionIOS/ShareExtensionIOS.entitlements;
				CODE_SIGN_STYLE = Automatic;
				CURRENT_PROJECT_VERSION = 1;
				DEVELOPMENT_TEAM = U28AHSTDJ3;
				GENERATE_INFOPLIST_FILE = YES;
				INFOPLIST_FILE = ShareExtensionIOS/Info.plist;
				INFOPLIST_KEY_CFBundleDisplayName = Shlinkly;
				INFOPLIST_KEY_NSHumanReadableCopyright = "";
				IPHONEOS_DEPLOYMENT_TARGET = 17.6;
				LD_RUNPATH_SEARCH_PATHS = (
					"$(inherited)",
					"@executable_path/Frameworks",
					"@executable_path/../../Frameworks",
				);
				MARKETING_VERSION = 1.0;
				PRODUCT_BUNDLE_IDENTIFIER = de.ahodge.Shlinkly.ShareExtensionIOS;
				PRODUCT_NAME = "$(TARGET_NAME)";
				SDKROOT = iphoneos;
				SKIP_INSTALL = YES;
				STRING_CATALOG_GENERATE_SYMBOLS = YES;
				SUPPORTED_PLATFORMS = "iphoneos iphonesimulator";
				SUPPORTS_MACCATALYST = NO;
				SUPPORTS_MAC_DESIGNED_FOR_IPHONE_IPAD = NO;
				SUPPORTS_XR_DESIGNED_FOR_IPHONE_IPAD = NO;
				SWIFT_APPROACHABLE_CONCURRENCY = YES;
				SWIFT_EMIT_LOC_STRINGS = YES;
				SWIFT_UPCOMING_FEATURE_MEMBER_IMPORT_VISIBILITY = YES;
				SWIFT_VERSION = 5.0;
				TARGETED_DEVICE_FAMILY = "1,2";
				VALIDATE_PRODUCT = YES;
			};
			name = Release;
		};
		5D921DFD2FE18CA800C98C47 /* Debug */ = {
			isa = XCBuildConfiguration;
			buildSettings = {
				CODE_SIGN_ENTITLEMENTS = ShareExtensionMac/ShareExtensionMac.entitlements;
				CODE_SIGN_STYLE = Automatic;
				COMBINE_HIDPI_IMAGES = YES;
				CURRENT_PROJECT_VERSION = 1;
				DEVELOPMENT_TEAM = U28AHSTDJ3;
				ENABLE_APP_SANDBOX = YES;
				ENABLE_HARDENED_RUNTIME = YES;
				ENABLE_INCOMING_NETWORK_CONNECTIONS = NO;
				ENABLE_OUTGOING_NETWORK_CONNECTIONS = YES;
				ENABLE_RESOURCE_ACCESS_AUDIO_INPUT = NO;
				ENABLE_RESOURCE_ACCESS_BLUETOOTH = NO;
				ENABLE_RESOURCE_ACCESS_CALENDARS = NO;
				ENABLE_RESOURCE_ACCESS_CAMERA = NO;
				ENABLE_RESOURCE_ACCESS_CONTACTS = NO;
				ENABLE_RESOURCE_ACCESS_LOCATION = NO;
				ENABLE_RESOURCE_ACCESS_PRINTING = NO;
				ENABLE_RESOURCE_ACCESS_USB = NO;
				ENABLE_USER_SELECTED_FILES = readonly;
				GENERATE_INFOPLIST_FILE = YES;
				INFOPLIST_FILE = ShareExtensionMac/Info.plist;
				INFOPLIST_KEY_CFBundleDisplayName = Shlinkly;
				INFOPLIST_KEY_NSHumanReadableCopyright = "";
				LD_RUNPATH_SEARCH_PATHS = (
					"$(inherited)",
					"@executable_path/../Frameworks",
					"@executable_path/../../../../Frameworks",
				);
				MACOSX_DEPLOYMENT_TARGET = 14.6;
				MARKETING_VERSION = 1.0;
				PRODUCT_BUNDLE_IDENTIFIER = de.ahodge.Shlinkly.ShareExtensionMac;
				PRODUCT_NAME = "$(TARGET_NAME)";
				SDKROOT = macosx;
				SKIP_INSTALL = YES;
				STRING_CATALOG_GENERATE_SYMBOLS = YES;
				SWIFT_APPROACHABLE_CONCURRENCY = YES;
				SWIFT_EMIT_LOC_STRINGS = YES;
				SWIFT_UPCOMING_FEATURE_MEMBER_IMPORT_VISIBILITY = YES;
				SWIFT_VERSION = 5.0;
			};
			name = Debug;
		};
		5D921DFE2FE18CA800C98C47 /* Release */ = {
			isa = XCBuildConfiguration;
			buildSettings = {
				CODE_SIGN_ENTITLEMENTS = ShareExtensionMac/ShareExtensionMac.entitlements;
				CODE_SIGN_STYLE = Automatic;
				COMBINE_HIDPI_IMAGES = YES;
				CURRENT_PROJECT_VERSION = 1;
				DEVELOPMENT_TEAM = U28AHSTDJ3;
				ENABLE_APP_SANDBOX = YES;
				ENABLE_HARDENED_RUNTIME = YES;
				ENABLE_INCOMING_NETWORK_CONNECTIONS = NO;
				ENABLE_OUTGOING_NETWORK_CONNECTIONS = YES;
				ENABLE_RESOURCE_ACCESS_AUDIO_INPUT = NO;
				ENABLE_RESOURCE_ACCESS_BLUETOOTH = NO;
				ENABLE_RESOURCE_ACCESS_CALENDARS = NO;
				ENABLE_RESOURCE_ACCESS_CAMERA = NO;
				ENABLE_RESOURCE_ACCESS_CONTACTS = NO;
				ENABLE_RESOURCE_ACCESS_LOCATION = NO;
				ENABLE_RESOURCE_ACCESS_PRINTING = NO;
				ENABLE_RESOURCE_ACCESS_USB = NO;
				ENABLE_USER_SELECTED_FILES = readonly;
				GENERATE_INFOPLIST_FILE = YES;
				INFOPLIST_FILE = ShareExtensionMac/Info.plist;
				INFOPLIST_KEY_CFBundleDisplayName = Shlinkly;
				INFOPLIST_KEY_NSHumanReadableCopyright = "";
				LD_RUNPATH_SEARCH_PATHS = (
					"$(inherited)",
					"@executable_path/../Frameworks",
					"@executable_path/../../../../Frameworks",
				);
				MACOSX_DEPLOYMENT_TARGET = 14.6;
				MARKETING_VERSION = 1.0;
				PRODUCT_BUNDLE_IDENTIFIER = de.ahodge.Shlinkly.ShareExtensionMac;
				PRODUCT_NAME = "$(TARGET_NAME)";
				SDKROOT = macosx;
				SKIP_INSTALL = YES;
				STRING_CATALOG_GENERATE_SYMBOLS = YES;
				SWIFT_APPROACHABLE_CONCURRENCY = YES;
				SWIFT_EMIT_LOC_STRINGS = YES;
				SWIFT_UPCOMING_FEATURE_MEMBER_IMPORT_VISIBILITY = YES;
				SWIFT_VERSION = 5.0;
			};
			name = Release;
		};
/* End XCBuildConfiguration section */

/* Begin XCConfigurationList section */
		5D3060712FDA043400B01249 /* Build configuration list for PBXProject "Shlinkly" */ = {
			isa = XCConfigurationList;
			buildConfigurations = (
				5D30607F2FDA043600B01249 /* Debug */,
				5D3060802FDA043600B01249 /* Release */,
			);
			defaultConfigurationIsVisible = 0;
			defaultConfigurationName = Release;
		};
		5D3060812FDA043600B01249 /* Build configuration list for PBXNativeTarget "Shlinkly" */ = {
			isa = XCConfigurationList;
			buildConfigurations = (
				5D3060822FDA043600B01249 /* Debug */,
				5D3060832FDA043600B01249 /* Release */,
			);
			defaultConfigurationIsVisible = 0;
			defaultConfigurationName = Release;
		};
		5D921D5D2FE183E200C98C47 /* Build configuration list for PBXNativeTarget "ShareExtensionIOS" */ = {
			isa = XCConfigurationList;
			buildConfigurations = (
				5D921D5A2FE183E200C98C47 /* Debug */,
				5D921D5B2FE183E200C98C47 /* Release */,
			);
			defaultConfigurationIsVisible = 0;
			defaultConfigurationName = Release;
		};
		5D921E002FE18CA800C98C47 /* Build configuration list for PBXNativeTarget "ShareExtensionMac" */ = {
			isa = XCConfigurationList;
			buildConfigurations = (
				5D921DFD2FE18CA800C98C47 /* Debug */,
				5D921DFE2FE18CA800C98C47 /* Release */,
			);
			defaultConfigurationIsVisible = 0;
			defaultConfigurationName = Release;
		};
/* End XCConfigurationList section */

/* Begin XCLocalSwiftPackageReference section */
		5DB943AB2FDA0E87000E5E11 /* XCLocalSwiftPackageReference "ShlinklyCore" */ = {
			isa = XCLocalSwiftPackageReference;
			relativePath = ShlinklyCore;
		};
/* End XCLocalSwiftPackageReference section */

/* Begin XCSwiftPackageProductDependency section */
		5D921D602FE187F200C98C47 /* ShlinklyCore */ = {
			isa = XCSwiftPackageProductDependency;
			package = 5DB943AB2FDA0E87000E5E11 /* XCLocalSwiftPackageReference "ShlinklyCore" */;
			productName = ShlinklyCore;
		};
		5D921E022FE18D6600C98C47 /* ShlinklyCore */ = {
			isa = XCSwiftPackageProductDependency;
			package = 5DB943AB2FDA0E87000E5E11 /* XCLocalSwiftPackageReference "ShlinklyCore" */;
			productName = ShlinklyCore;
		};
		5DB943AC2FDA0E87000E5E11 /* ShlinklyCore */ = {
			isa = XCSwiftPackageProductDependency;
			productName = ShlinklyCore;
		};
/* End XCSwiftPackageProductDependency section */
	};
	rootObject = 5D30606E2FDA043400B01249 /* Project object */;
}
